# THIS IS AN AUTOGENERATED FILE. DO NOT EDIT THIS FILE DIRECTLY.
# yarn lockfile v1


heic-convert@^1.2.4:
  version "1.2.4"
  resolved "https://registry.yarnpkg.com/heic-convert/-/heic-convert-1.2.4.tgz#605820f98ace3949a40fc7b263ee0bc573a0176b"
  integrity sha512-klJHyv+BqbgKiCQvCqI9IKIvweCcohDuDl0Jphearj8+16+v8eff2piVevHqq4dW9TK0r1onTR6PKHP1I4hdbA==
  dependencies:
    heic-decode "^1.1.2"
    jpeg-js "^0.4.1"
    pngjs "^3.4.0"

heic-decode@^1.1.2:
  version "1.1.2"
  resolved "https://registry.yarnpkg.com/heic-decode/-/heic-decode-1.1.2.tgz#974701666432e31ed64b2263a1ece7cff5218209"
  integrity sha512-UF8teegxvzQPdSTcx5frIUhitNDliz/9Pui0JFdIqVRE00spVE33DcCYtZqaLNyd4y5RP/QQWZFIc1YWVKKm2A==
  dependencies:
    libheif-js "^1.10.0"

jpeg-js@^0.4.1:
  version "0.4.3"
  resolved "https://registry.yarnpkg.com/jpeg-js/-/jpeg-js-0.4.3.tgz#6158e09f1983ad773813704be80680550eff977b"
  integrity sha512-ru1HWKek8octvUHFHvE5ZzQ1yAsJmIvRdGWvSoKV52XKyuyYA437QWDttXT8eZXDSbuMpHlLzPDZUPd6idIz+Q==

libheif-js@^1.10.0:
  version "1.12.0"
  resolved "https://registry.yarnpkg.com/libheif-js/-/libheif-js-1.12.0.tgz#9ad1ed16a8e6412b4d3d83565d285465a00e7305"
  integrity sha512-hDs6xQ7028VOwAFwEtM0Q+B2x2NW69Jb2MhQFUbk3rUrHzz4qo5mqS8VrqNgYnSc8TiUGnR691LnO4uIfEE23w==

pngjs@^3.4.0:
  version "3.4.0"
  resolved "https://registry.yarnpkg.com/pngjs/-/pngjs-3.4.0.tgz#99ca7d725965fb655814eaf65f38f12bbdbf555f"
  integrity sha512-NCrCHhWmnQklfH4MtJMRjZ2a8c80qXeMlQMv2uVp9ISJMTt562SbGd6n2oq0PaPgKm7Z6pL9E2UlLIhC+SHL3w==
